
Microsoft Visual Studio Solution File, Format Version 12.00
# Visual Studio Version 17
VisualStudioVersion = 17.0.31903.59
MinimumVisualStudioVersion = 10.0.40219.1
Project("{9A19103F-16F7-4668-BE54-9A1E7A4F7556}") = "Bookstore.Domain", "Bookstore.Domain\Bookstore.Domain.csproj", "{8A6B9630-7662-4438-8638-5784B48583FE}"
EndProject
Project("{2150E333-8FDC-42A3-9474-1A3956D46DE8}") = "tests", "tests", "{E5D6E52A-5412-4269-BC07-D87DD135D488}"
EndProject
Project("{9A19103F-16F7-4668-BE54-9A1E7A4F7556}") = "Bookstore.UnitTests", "tests\Bookstore.UnitTests\Bookstore.UnitTests.csproj", "{D28C6696-D8C5-4C46-87C6-21D066426001}"
EndProject
Project("{9A19103F-16F7-4668-BE54-9A1E7A4F7556}") = "Bookstore.Api", "Bookstore.Api\Bookstore.Api.csproj", "{9E079A46-7A07-4B35-A4E5-27D027812A54}"
EndProject
Project("{9A19103F-16F7-4668-BE54-9A1E7A4F7556}") = "Bookstore.Application", "Bookstore.Application\Bookstore.Application.csproj", "{A12F853E-AFD9-47CA-8541-F87FEF56E71E}"
EndProject
Project("{9A19103F-16F7-4668-BE54-9A1E7A4F7556}") = "Bookstore.Infra.Data", "Bookstore.Infra.Data\Bookstore.Infra.Data.csproj", "{F923D565-2BAB-4382-8FE7-0C92D0EFACD1}"
EndProject
Project("{9A19103F-16F7-4668-BE54-9A1E7A4F7556}") = "Bookstore.Infra.CrossCutting", "Bookstore.Infra.CrossCutting\Bookstore.Infra.CrossCutting.csproj", "{69E148DA-D94A-40D9-814F-16599A7E2D58}"
EndProject
Project("{FAE04EC0-301F-11D3-BF4B-00C04F79EFBC}") = "Bookstore.Infra.Postgresql", "Bookstore.Infra.Postgresql\Bookstore.Infra.Postgresql.csproj", "{23C1221B-FE1B-415F-8EC3-43722FB0AE8E}"
EndProject
Project("{FAE04EC0-301F-11D3-BF4B-00C04F79EFBC}") = "Bookstore.TestsCommons", "tests\Bookstore.TestsCommons\Bookstore.TestsCommons.csproj", "{4C1B093A-B7CE-4552-8391-3C05131FBC30}"
EndProject
Global
	GlobalSection(SolutionConfigurationPlatforms) = preSolution
		Debug|Any CPU = Debug|Any CPU
		Release|Any CPU = Release|Any CPU
	EndGlobalSection
	GlobalSection(ProjectConfigurationPlatforms) = postSolution
		{8A6B9630-7662-4438-8638-5784B48583FE}.Debug|Any CPU.ActiveCfg = Debug|Any CPU
		{8A6B9630-7662-4438-8638-5784B48583FE}.Debug|Any CPU.Build.0 = Debug|Any CPU
		{8A6B9630-7662-4438-8638-5784B48583FE}.Release|Any CPU.ActiveCfg = Release|Any CPU
		{8A6B9630-7662-4438-8638-5784B48583FE}.Release|Any CPU.Build.0 = Release|Any CPU
		{D28C6696-D8C5-4C46-87C6-21D066426001}.Debug|Any CPU.ActiveCfg = Debug|Any CPU
		{D28C6696-D8C5-4C46-87C6-21D066426001}.Debug|Any CPU.Build.0 = Debug|Any CPU
		{D28C6696-D8C5-4C46-87C6-21D066426001}.Release|Any CPU.ActiveCfg = Release|Any CPU
		{D28C6696-D8C5-4C46-87C6-21D066426001}.Release|Any CPU.Build.0 = Release|Any CPU
		{9E079A46-7A07-4B35-A4E5-27D027812A54}.Debug|Any CPU.ActiveCfg = Debug|Any CPU
		{9E079A46-7A07-4B35-A4E5-27D027812A54}.Debug|Any CPU.Build.0 = Debug|Any CPU
		{9E079A46-7A07-4B35-A4E5-27D027812A54}.Release|Any CPU.ActiveCfg = Release|Any CPU
		{9E079A46-7A07-4B35-A4E5-27D027812A54}.Release|Any CPU.Build.0 = Release|Any CPU
		{A12F853E-AFD9-47CA-8541-F87FEF56E71E}.Debug|Any CPU.ActiveCfg = Debug|Any CPU
		{A12F853E-AFD9-47CA-8541-F87FEF56E71E}.Debug|Any CPU.Build.0 = Debug|Any CPU
		{A12F853E-AFD9-47CA-8541-F87FEF56E71E}.Release|Any CPU.ActiveCfg = Release|Any CPU
		{A12F853E-AFD9-47CA-8541-F87FEF56E71E}.Release|Any CPU.Build.0 = Release|Any CPU
		{F923D565-2BAB-4382-8FE7-0C92D0EFACD1}.Debug|Any CPU.ActiveCfg = Debug|Any CPU
		{F923D565-2BAB-4382-8FE7-0C92D0EFACD1}.Debug|Any CPU.Build.0 = Debug|Any CPU
		{F923D565-2BAB-4382-8FE7-0C92D0EFACD1}.Release|Any CPU.ActiveCfg = Release|Any CPU
		{F923D565-2BAB-4382-8FE7-0C92D0EFACD1}.Release|Any CPU.Build.0 = Release|Any CPU
		{69E148DA-D94A-40D9-814F-16599A7E2D58}.Debug|Any CPU.ActiveCfg = Debug|Any CPU
		{69E148DA-D94A-40D9-814F-16599A7E2D58}.Debug|Any CPU.Build.0 = Debug|Any CPU
		{69E148DA-D94A-40D9-814F-16599A7E2D58}.Release|Any CPU.ActiveCfg = Release|Any CPU
		{69E148DA-D94A-40D9-814F-16599A7E2D58}.Release|Any CPU.Build.0 = Release|Any CPU
		{23C1221B-FE1B-415F-8EC3-43722FB0AE8E}.Debug|Any CPU.ActiveCfg = Debug|Any CPU
		{23C1221B-FE1B-415F-8EC3-43722FB0AE8E}.Debug|Any CPU.Build.0 = Debug|Any CPU
		{23C1221B-FE1B-415F-8EC3-43722FB0AE8E}.Release|Any CPU.ActiveCfg = Release|Any CPU
		{23C1221B-FE1B-415F-8EC3-43722FB0AE8E}.Release|Any CPU.Build.0 = Release|Any CPU
		{4C1B093A-B7CE-4552-8391-3C05131FBC30}.Debug|Any CPU.ActiveCfg = Debug|Any CPU
		{4C1B093A-B7CE-4552-8391-3C05131FBC30}.Debug|Any CPU.Build.0 = Debug|Any CPU
		{4C1B093A-B7CE-4552-8391-3C05131FBC30}.Release|Any CPU.ActiveCfg = Release|Any CPU
		{4C1B093A-B7CE-4552-8391-3C05131FBC30}.Release|Any CPU.Build.0 = Release|Any CPU
	EndGlobalSection
	GlobalSection(SolutionProperties) = preSolution
		HideSolutionNode = FALSE
	EndGlobalSection
	GlobalSection(NestedProjects) = preSolution
		{D28C6696-D8C5-4C46-87C6-21D066426001} = {E5D6E52A-5412-4269-BC07-D87DD135D488}
		{4C1B093A-B7CE-4552-8391-3C05131FBC30} = {E5D6E52A-5412-4269-BC07-D87DD135D488}
	EndGlobalSection
	GlobalSection(ExtensibilityGlobals) = postSolution
		SolutionGuid = {CDDEE8F5-957C-4A84-BFC2-FE40B5FC169C}
	EndGlobalSection
EndGlobal
